
Microsoft Visual Studio Solution File, Format Version 12.00
# Visual Studio Version 17
VisualStudioVersion = 17.11.35303.130
MinimumVisualStudioVersion = 10.0.40219.1
Project("{FAE04EC0-301F-11D3-BF4B-00C04F79EFBC}") = "Tyuiu.KorotkovNS.Task0.V0", "Tyuiu.KorotkovNS.Task0.V0\Tyuiu.KorotkovNS.Task0.V0.csproj", "{D10A87E1-9E85-4570-93DC-ACE2B4651FAD}"
EndProject
Project("{2150E333-8FDC-42A3-9474-1A3956D46DE8}") = "Task0", "Task0", "{8BE104C6-F2AC-4395-90FF-1933FC778306}"
EndProject
Project("{FAE04EC0-301F-11D3-BF4B-00C04F79EFBC}") = "Tyuiu.KorotkovNS.Sprint0.Task0.V0", "Tyuiu.KorotkovNS.Sprint0.Task0.V0\Tyuiu.KorotkovNS.Sprint0.Task0.V0.csproj", "{284AFED2-14DA-497B-9660-9C1D77F07B99}"
EndProject
Project("{2150E333-8FDC-42A3-9474-1A3956D46DE8}") = "Task1", "Task1", "{6BA3DB5C-FD1F-4CD6-B53D-C633C1489EDB}"
EndProject
Project("{FAE04EC0-301F-11D3-BF4B-00C04F79EFBC}") = "Tyuiu.KorotkovNS.Sprint0.Task1.V0", "Tyuiu.KorotkovNS.Sprint0.Task1.V0\Tyuiu.KorotkovNS.Sprint0.Task1.V0.csproj", "{15804B45-C211-4ED3-92E0-79018503D85F}"
EndProject
Project("{2150E333-8FDC-42A3-9474-1A3956D46DE8}") = "Task2", "Task2", "{FE402F1F-B6E4-4F6B-9CB9-4E207E6419F3}"
EndProject
Project("{FAE04EC0-301F-11D3-BF4B-00C04F79EFBC}") = "Tyuiu.KorotkovNS.Sprint0.Task2.V0", "Tyuiu.KorotkovNS.Sprint0.Task2.V0\Tyuiu.KorotkovNS.Sprint0.Task2.V0.csproj", "{2AAEE1F6-6DB6-403A-9861-67DB7B8C9468}"
EndProject
Project("{FAE04EC0-301F-11D3-BF4B-00C04F79EFBC}") = "Tyuiu.KorotkovNS.Sprint0.Task2.V0.Lib", "Tyuiu.KorotkovNS.Sprint0.Task2.V0.Lib\Tyuiu.KorotkovNS.Sprint0.Task2.V0.Lib.csproj", "{3513AC34-D9A8-4354-8D84-02BF8792577B}"
EndProject
Project("{FAE04EC0-301F-11D3-BF4B-00C04F79EFBC}") = "Tyuiu.KorotkovNS.Sprint0.Task2.V0.Test", "Tyuiu.KorotkovNS.Sprint0.Task2.V0.Test\Tyuiu.KorotkovNS.Sprint0.Task2.V0.Test.csproj", "{4E7F2D8F-F376-4817-A6A3-61C82FE1C8C0}"
EndProject
Project("{2150E333-8FDC-42A3-9474-1A3956D46DE8}") = "Task3", "Task3", "{B5623B8C-00F1-46E3-B67B-E4ACEE84AD54}"
EndProject
Project("{FAE04EC0-301F-11D3-BF4B-00C04F79EFBC}") = "Tyuiu.KorotkovNS.Sprint0.Task3.V0", "Tyuiu.KorotkovNS.Sprint0.Task3.V0\Tyuiu.KorotkovNS.Sprint0.Task3.V0.csproj", "{4250ABC1-54E3-426F-BF21-C633FE491441}"
EndProject
Project("{FAE04EC0-301F-11D3-BF4B-00C04F79EFBC}") = "Tyuiu.KorotkovNS.Sprint0.Task3.V0.Lib", "Tyuiu.KorotkovNS.Sprint0.Task3.V0.Lib\Tyuiu.KorotkovNS.Sprint0.Task3.V0.Lib.csproj", "{4E94091A-2516-462D-B280-C7580BC8DDA3}"
EndProject
Project("{FAE04EC0-301F-11D3-BF4B-00C04F79EFBC}") = "Tyuiu.KorotkovNS.Sprint0.Task3.V0.Test", "Tyuiu.KorotkovNS.Sprint0.Task3.V0.Test\Tyuiu.KorotkovNS.Sprint0.Task3.V0.Test.csproj", "{539E9AF4-823E-4C4D-9A93-07D343157BBD}"
EndProject
Project("{2150E333-8FDC-42A3-9474-1A3956D46DE8}") = "Task4", "Task4", "{6D209958-3185-4CA2-9B8C-85ADF67DF08B}"
EndProject
Project("{FAE04EC0-301F-11D3-BF4B-00C04F79EFBC}") = "Tyuiu.KorotkovNS.Sprint0.Task4.V0", "Tyuiu.KorotkovNS.Sprint0.Task4.V0\Tyuiu.KorotkovNS.Sprint0.Task4.V0.csproj", "{E1541B85-39D5-4DBE-8D7B-9BB16F92D756}"
EndProject
Project("{FAE04EC0-301F-11D3-BF4B-00C04F79EFBC}") = "Tyuiu.KorotkovNS.Sprint0.Task4.V0.Lib", "Tyuiu.KorotkovNS.Sprint0.Task4.V0.Lib\Tyuiu.KorotkovNS.Sprint0.Task4.V0.Lib.csproj", "{C277FD55-828A-4CD3-8898-E94AD3A17B68}"
EndProject
Project("{FAE04EC0-301F-11D3-BF4B-00C04F79EFBC}") = "Tyuiu.KorotkovNS.Sprint0.Task4.V0.Test", "Tyuiu.KorotkovNS.Sprint0.Task4.V0.Test\Tyuiu.KorotkovNS.Sprint0.Task4.V0.Test.csproj", "{AF24D36B-B428-44F6-8175-6D280FB654AB}"
EndProject
Project("{2150E333-8FDC-42A3-9474-1A3956D46DE8}") = "Task5", "Task5", "{B7BE634C-4FEC-416C-AC63-EC9B20BB3360}"
EndProject
Project("{FAE04EC0-301F-11D3-BF4B-00C04F79EFBC}") = "Tyuiu.KorotkovNS.Sprint0.Task5.V0", "Tyuiu.KorotkovNS.Sprint0.Task5.V0\Tyuiu.KorotkovNS.Sprint0.Task5.V0.csproj", "{56C39D86-0BB6-4BE4-8467-146080AE7367}"
EndProject
Project("{FAE04EC0-301F-11D3-BF4B-00C04F79EFBC}") = "Tyuiu.KorotkovNS.Sprint0.Task5.V0.Lib", "Tyuiu.KorotkovNS.Sprint0.Task5.V0.Lib\Tyuiu.KorotkovNS.Sprint0.Task5.V0.Lib.csproj", "{B4C606BC-061B-4EA3-B485-38864A972FEF}"
EndProject
Project("{FAE04EC0-301F-11D3-BF4B-00C04F79EFBC}") = "Tyuiu.KorotkovNS.Sprint0.Task5.V0.Test", "Tyuiu.KorotkovNS.Sprint0.Task5.V0.Test\Tyuiu.KorotkovNS.Sprint0.Task5.V0.Test.csproj", "{ECEBE2AC-F198-4B06-B4CC-4E7D8A180084}"
EndProject
Global
	GlobalSection(SolutionConfigurationPlatforms) = preSolution
		Debug|Any CPU = Debug|Any CPU
		Release|Any CPU = Release|Any CPU
	EndGlobalSection
	GlobalSection(ProjectConfigurationPlatforms) = postSolution
		{D10A87E1-9E85-4570-93DC-ACE2B4651FAD}.Debug|Any CPU.ActiveCfg = Debug|Any CPU
		{D10A87E1-9E85-4570-93DC-ACE2B4651FAD}.Debug|Any CPU.Build.0 = Debug|Any CPU
		{D10A87E1-9E85-4570-93DC-ACE2B4651FAD}.Release|Any CPU.ActiveCfg = Release|Any CPU
		{D10A87E1-9E85-4570-93DC-ACE2B4651FAD}.Release|Any CPU.Build.0 = Release|Any CPU
		{284AFED2-14DA-497B-9660-9C1D77F07B99}.Debug|Any CPU.ActiveCfg = Debug|Any CPU
		{284AFED2-14DA-497B-9660-9C1D77F07B99}.Debug|Any CPU.Build.0 = Debug|Any CPU
		{284AFED2-14DA-497B-9660-9C1D77F07B99}.Release|Any CPU.ActiveCfg = Release|Any CPU
		{284AFED2-14DA-497B-9660-9C1D77F07B99}.Release|Any CPU.Build.0 = Release|Any CPU
		{15804B45-C211-4ED3-92E0-79018503D85F}.Debug|Any CPU.ActiveCfg = Debug|Any CPU
		{15804B45-C211-4ED3-92E0-79018503D85F}.Debug|Any CPU.Build.0 = Debug|Any CPU
		{15804B45-C211-4ED3-92E0-79018503D85F}.Release|Any CPU.ActiveCfg = Release|Any CPU
		{15804B45-C211-4ED3-92E0-79018503D85F}.Release|Any CPU.Build.0 = Release|Any CPU
		{2AAEE1F6-6DB6-403A-9861-67DB7B8C9468}.Debug|Any CPU.ActiveCfg = Debug|Any CPU
		{2AAEE1F6-6DB6-403A-9861-67DB7B8C9468}.Debug|Any CPU.Build.0 = Debug|Any CPU
		{2AAEE1F6-6DB6-403A-9861-67DB7B8C9468}.Release|Any CPU.ActiveCfg = Release|Any CPU
		{2AAEE1F6-6DB6-403A-9861-67DB7B8C9468}.Release|Any CPU.Build.0 = Release|Any CPU
		{3513AC34-D9A8-4354-8D84-02BF8792577B}.Debug|Any CPU.ActiveCfg = Debug|Any CPU
		{3513AC34-D9A8-4354-8D84-02BF8792577B}.Debug|Any CPU.Build.0 = Debug|Any CPU
		{3513AC34-D9A8-4354-8D84-02BF8792577B}.Release|Any CPU.ActiveCfg = Release|Any CPU
		{3513AC34-D9A8-4354-8D84-02BF8792577B}.Release|Any CPU.Build.0 = Release|Any CPU
		{4E7F2D8F-F376-4817-A6A3-61C82FE1C8C0}.Debug|Any CPU.ActiveCfg = Debug|Any CPU
		{4E7F2D8F-F376-4817-A6A3-61C82FE1C8C0}.Debug|Any CPU.Build.0 = Debug|Any CPU
		{4E7F2D8F-F376-4817-A6A3-61C82FE1C8C0}.Release|Any CPU.ActiveCfg = Release|Any CPU
		{4E7F2D8F-F376-4817-A6A3-61C82FE1C8C0}.Release|Any CPU.Build.0 = Release|Any CPU
		{4250ABC1-54E3-426F-BF21-C633FE491441}.Debug|Any CPU.ActiveCfg = Debug|Any CPU
		{4250ABC1-54E3-426F-BF21-C633FE491441}.Debug|Any CPU.Build.0 = Debug|Any CPU
		{4250ABC1-54E3-426F-BF21-C633FE491441}.Release|Any CPU.ActiveCfg = Release|Any CPU
		{4250ABC1-54E3-426F-BF21-C633FE491441}.Release|Any CPU.Build.0 = Release|Any CPU
		{4E94091A-2516-462D-B280-C7580BC8DDA3}.Debug|Any CPU.ActiveCfg = Debug|Any CPU
		{4E94091A-2516-462D-B280-C7580BC8DDA3}.Debug|Any CPU.Build.0 = Debug|Any CPU
		{4E94091A-2516-462D-B280-C7580BC8DDA3}.Release|Any CPU.ActiveCfg = Release|Any CPU
		{4E94091A-2516-462D-B280-C7580BC8DDA3}.Release|Any CPU.Build.0 = Release|Any CPU
		{539E9AF4-823E-4C4D-9A93-07D343157BBD}.Debug|Any CPU.ActiveCfg = Debug|Any CPU
		{539E9AF4-823E-4C4D-9A93-07D343157BBD}.Debug|Any CPU.Build.0 = Debug|Any CPU
		{539E9AF4-823E-4C4D-9A93-07D343157BBD}.Release|Any CPU.ActiveCfg = Release|Any CPU
		{539E9AF4-823E-4C4D-9A93-07D343157BBD}.Release|Any CPU.Build.0 = Release|Any CPU
		{E1541B85-39D5-4DBE-8D7B-9BB16F92D756}.Debug|Any CPU.ActiveCfg = Debug|Any CPU
		{E1541B85-39D5-4DBE-8D7B-9BB16F92D756}.Debug|Any CPU.Build.0 = Debug|Any CPU
		{E1541B85-39D5-4DBE-8D7B-9BB16F92D756}.Release|Any CPU.ActiveCfg = Release|Any CPU
		{E1541B85-39D5-4DBE-8D7B-9BB16F92D756}.Release|Any CPU.Build.0 = Release|Any CPU
		{C277FD55-828A-4CD3-8898-E94AD3A17B68}.Debug|Any CPU.ActiveCfg = Debug|Any CPU
		{C277FD55-828A-4CD3-8898-E94AD3A17B68}.Debug|Any CPU.Build.0 = Debug|Any CPU
		{C277FD55-828A-4CD3-8898-E94AD3A17B68}.Release|Any CPU.ActiveCfg = Release|Any CPU
		{C277FD55-828A-4CD3-8898-E94AD3A17B68}.Release|Any CPU.Build.0 = Release|Any CPU
		{AF24D36B-B428-44F6-8175-6D280FB654AB}.Debug|Any CPU.ActiveCfg = Debug|Any CPU
		{AF24D36B-B428-44F6-8175-6D280FB654AB}.Debug|Any CPU.Build.0 = Debug|Any CPU
		{AF24D36B-B428-44F6-8175-6D280FB654AB}.Release|Any CPU.ActiveCfg = Release|Any CPU
		{AF24D36B-B428-44F6-8175-6D280FB654AB}.Release|Any CPU.Build.0 = Release|Any CPU
		{56C39D86-0BB6-4BE4-8467-146080AE7367}.Debug|Any CPU.ActiveCfg = Debug|Any CPU
		{56C39D86-0BB6-4BE4-8467-146080AE7367}.Debug|Any CPU.Build.0 = Debug|Any CPU
		{56C39D86-0BB6-4BE4-8467-146080AE7367}.Release|Any CPU.ActiveCfg = Release|Any CPU
		{56C39D86-0BB6-4BE4-8467-146080AE7367}.Release|Any CPU.Build.0 = Release|Any CPU
		{B4C606BC-061B-4EA3-B485-38864A972FEF}.Debug|Any CPU.ActiveCfg = Debug|Any CPU
		{B4C606BC-061B-4EA3-B485-38864A972FEF}.Debug|Any CPU.Build.0 = Debug|Any CPU
		{B4C606BC-061B-4EA3-B485-38864A972FEF}.Release|Any CPU.ActiveCfg = Release|Any CPU
		{B4C606BC-061B-4EA3-B485-38864A972FEF}.Release|Any CPU.Build.0 = Release|Any CPU
		{ECEBE2AC-F198-4B06-B4CC-4E7D8A180084}.Debug|Any CPU.ActiveCfg = Debug|Any CPU
		{ECEBE2AC-F198-4B06-B4CC-4E7D8A180084}.Debug|Any CPU.Build.0 = Debug|Any CPU
		{ECEBE2AC-F198-4B06-B4CC-4E7D8A180084}.Release|Any CPU.ActiveCfg = Release|Any CPU
		{ECEBE2AC-F198-4B06-B4CC-4E7D8A180084}.Release|Any CPU.Build.0 = Release|Any CPU
	EndGlobalSection
	GlobalSection(SolutionProperties) = preSolution
		HideSolutionNode = FALSE
	EndGlobalSection
	GlobalSection(NestedProjects) = preSolution
		{284AFED2-14DA-497B-9660-9C1D77F07B99} = {8BE104C6-F2AC-4395-90FF-1933FC778306}
		{15804B45-C211-4ED3-92E0-79018503D85F} = {6BA3DB5C-FD1F-4CD6-B53D-C633C1489EDB}
		{2AAEE1F6-6DB6-403A-9861-67DB7B8C9468} = {FE402F1F-B6E4-4F6B-9CB9-4E207E6419F3}
		{3513AC34-D9A8-4354-8D84-02BF8792577B} = {FE402F1F-B6E4-4F6B-9CB9-4E207E6419F3}
		{4E7F2D8F-F376-4817-A6A3-61C82FE1C8C0} = {FE402F1F-B6E4-4F6B-9CB9-4E207E6419F3}
		{4250ABC1-54E3-426F-BF21-C633FE491441} = {B5623B8C-00F1-46E3-B67B-E4ACEE84AD54}
		{4E94091A-2516-462D-B280-C7580BC8DDA3} = {B5623B8C-00F1-46E3-B67B-E4ACEE84AD54}
		{539E9AF4-823E-4C4D-9A93-07D343157BBD} = {B5623B8C-00F1-46E3-B67B-E4ACEE84AD54}
		{E1541B85-39D5-4DBE-8D7B-9BB16F92D756} = {6D209958-3185-4CA2-9B8C-85ADF67DF08B}
		{C277FD55-828A-4CD3-8898-E94AD3A17B68} = {6D209958-3185-4CA2-9B8C-85ADF67DF08B}
		{AF24D36B-B428-44F6-8175-6D280FB654AB} = {6D209958-3185-4CA2-9B8C-85ADF67DF08B}
		{56C39D86-0BB6-4BE4-8467-146080AE7367} = {B7BE634C-4FEC-416C-AC63-EC9B20BB3360}
		{B4C606BC-061B-4EA3-B485-38864A972FEF} = {B7BE634C-4FEC-416C-AC63-EC9B20BB3360}
		{ECEBE2AC-F198-4B06-B4CC-4E7D8A180084} = {B7BE634C-4FEC-416C-AC63-EC9B20BB3360}
	EndGlobalSection
	GlobalSection(ExtensibilityGlobals) = postSolution
		SolutionGuid = {A0984002-0A6B-435E-A20E-5F2B56934079}
	EndGlobalSection
EndGlobal
